// !$*UTF8*$!
{
	archiveVersion = 1;
	classes = {
	};
	objectVersion = 63;
	objects = {

/* Begin PBXBuildFile section */
		06D482EAF04033FFBD430D6D /* SpenceApp.swift in Sources */ = {isa = PBXBuildFile; fileRef = 5A79DC136C006114E744BBD7 /* SpenceApp.swift */; };
		07AC3B8076DD5D32AB6BEC4F /* HomeView.swift in Sources */ = {isa = PBXBuildFile; fileRef = 8D6FFB70366E85E718848637 /* HomeView.swift */; };
		08C2F982F7910CEAA3EE8CD5 /* 08-burrata-grilled-grapes.json in Resources */ = {isa = PBXBuildFile; fileRef = 64D92DF45CEFC3E2885DC0E3 /* 08-burrata-grilled-grapes.json */; };
		17FECAC10BB50825EB250F97 /* Assets.xcassets in Resources */ = {isa = PBXBuildFile; fileRef = 8F40961EF8FCEC67DFBC0207 /* Assets.xcassets */; };
		18B21E1557B88803D4807039 /* DataSeeder.swift in Sources */ = {isa = PBXBuildFile; fileRef = BED5DE0215883A7EC84CF6D5 /* DataSeeder.swift */; };
		22FE90CB656FAFAB9C544960 /* 06-chia-seed-pudding.json in Resources */ = {isa = PBXBuildFile; fileRef = 5EDFA6EF0CF48CBD1F4E386F /* 06-chia-seed-pudding.json */; };
		267B5853F05A4D3743032951 /* SettingsView.swift in Sources */ = {isa = PBXBuildFile; fileRef = 8878DF3728F2B693B47F500D /* SettingsView.swift */; };
		2694F9660AD3C0C95BF1CBDA /* StepBlobView.swift in Sources */ = {isa = PBXBuildFile; fileRef = 2FE3D0152BB32A9C5E037540 /* StepBlobView.swift */; };
		2F71844E6BB489DEA452DBF7 /* AmbientBackground.swift in Sources */ = {isa = PBXBuildFile; fileRef = D310F95CBF4D9BBCC5544A97 /* AmbientBackground.swift */; };
		38390F73C6F27991EA3B9FD3 /* CheckPhaseView.swift in Sources */ = {isa = PBXBuildFile; fileRef = AA1CAB7FC77C6EB52FC0C535 /* CheckPhaseView.swift */; };
		39404A1F22A8BEA0892357EF /* GlassChip.swift in Sources */ = {isa = PBXBuildFile; fileRef = A24D317CA18EFF10E1C91F5B /* GlassChip.swift */; };
		442BD5275BB80110EAB577A9 /* RecipeEquipment.swift in Sources */ = {isa = PBXBuildFile; fileRef = 7AF3B4214126F7335FBE397E /* RecipeEquipment.swift */; };
		471CE32646207192E63C4842 /* 07-hummus.json in Resources */ = {isa = PBXBuildFile; fileRef = 6CA87D94636184E66AAF9F32 /* 07-hummus.json */; };
		4A4BFF3F49B73606F591555F /* 04-homemade-pita.json in Resources */ = {isa = PBXBuildFile; fileRef = 73E870C0D79F875264AC32BB /* 04-homemade-pita.json */; };
		4C8C048DE19776A5A811521A /* Typography.swift in Sources */ = {isa = PBXBuildFile; fileRef = 79589E5143CC3F4A2799EF2A /* Typography.swift */; };
		4F5812D14DB06664C3CDFC80 /* GlassCard.swift in Sources */ = {isa = PBXBuildFile; fileRef = 02F1A06A815BE78E3606B015 /* GlassCard.swift */; };
		585D3256267A068DB668BE8A /* 01-brown-butter-tahini-cabbage.json in Resources */ = {isa = PBXBuildFile; fileRef = B80B9625DC46E42AB0818B66 /* 01-brown-butter-tahini-cabbage.json */; };
		5B035DECB4A9B6C5D20C70BE /* CookStep.swift in Sources */ = {isa = PBXBuildFile; fileRef = F9258079913A7405DBA03E50 /* CookStep.swift */; };
		6AC65D73F694D6EA85EFB587 /* TimerView.swift in Sources */ = {isa = PBXBuildFile; fileRef = 80B7562CF71B1182FF471B44 /* TimerView.swift */; };
		6F47B360B478D45A7E1984E3 /* CookModeView.swift in Sources */ = {isa = PBXBuildFile; fileRef = 990EA6EC34F9DCD699E8229B /* CookModeView.swift */; };
		778922EB97309C18232EAD2E /* GlassTextField.swift in Sources */ = {isa = PBXBuildFile; fileRef = 8DBD6F7321DAFB89D2B09011 /* GlassTextField.swift */; };
		78E6EB4261FD22E63971E41D /* CookPhaseView.swift in Sources */ = {isa = PBXBuildFile; fileRef = 5D412858B8A234893E18AB6C /* CookPhaseView.swift */; };
		80A511FB92925157B37A63F5 /* Category.swift in Sources */ = {isa = PBXBuildFile; fileRef = F9CFAF4485B00C1A2AA3E987 /* Category.swift */; };
		889DC72ED9B2C5DC55718E5E /* PrepStep.swift in Sources */ = {isa = PBXBuildFile; fileRef = B9723CD24E778905A0F02D0D /* PrepStep.swift */; };
		911AE45C22658CCA2296E2DA /* AdaptiveLayout.swift in Sources */ = {isa = PBXBuildFile; fileRef = F7AFC0B269DE2D4908129391 /* AdaptiveLayout.swift */; };
		95128C35D593B7F6A93D3DD9 /* 03-oat-waffles.json in Resources */ = {isa = PBXBuildFile; fileRef = 11B9CD6DDBC3440EE01AC3C3 /* 03-oat-waffles.json */; };
		98BEB554E555F007587B74EF /* RecipeDetailView.swift in Sources */ = {isa = PBXBuildFile; fileRef = 1043DF40418A1FCE00B24B2D /* RecipeDetailView.swift */; };
		9E367CBB27AA15C93BFA2F28 /* TimerService.swift in Sources */ = {isa = PBXBuildFile; fileRef = E00973EA023010729A5D8DA4 /* TimerService.swift */; };
		A7D4EC08530CBEE3FDEDFD23 /* CookingSession.swift in Sources */ = {isa = PBXBuildFile; fileRef = E51EBF4FBF8F61314786690F /* CookingSession.swift */; };
		AAC39B790B51986980ADC920 /* StepProgressDots.swift in Sources */ = {isa = PBXBuildFile; fileRef = D380973247CD932B3C22DF37 /* StepProgressDots.swift */; };
		AAE2C4481730E8D1412E53BC /* CookModeControls.swift in Sources */ = {isa = PBXBuildFile; fileRef = 2423770D507903B32C68591D /* CookModeControls.swift */; };
		AFB45057E35C3F73F05B1062 /* Colors.swift in Sources */ = {isa = PBXBuildFile; fileRef = 9FED78BC7F7D783D71EFF95E /* Colors.swift */; };
		B6D718A7503758864626357E /* PrepPhaseView.swift in Sources */ = {isa = PBXBuildFile; fileRef = A6F04B01A7B64217C4B08284 /* PrepPhaseView.swift */; };
		BEA743F23FFD33B10409769A /* PreviewAssets.xcassets in Resources */ = {isa = PBXBuildFile; fileRef = 38993C58F0616902485AE9C9 /* PreviewAssets.xcassets */; };
		C005C265788950C95F77C135 /* Animations.swift in Sources */ = {isa = PBXBuildFile; fileRef = DBA4D3E76C3C464626277AD0 /* Animations.swift */; };
		C43929C83C7AE3A180089DFF /* JSONLoader.swift in Sources */ = {isa = PBXBuildFile; fileRef = 382206C7CB4D1CB1B24EBCBF /* JSONLoader.swift */; };
		C4A04DA0305E4DB02D1F8B18 /* ContentView.swift in Sources */ = {isa = PBXBuildFile; fileRef = 1E7092E42D3645048D32AEB2 /* ContentView.swift */; };
		C557A731242D14E2FDD9418F /* RecipeIngredient.swift in Sources */ = {isa = PBXBuildFile; fileRef = E3E0E7D3518F0C078894512C /* RecipeIngredient.swift */; };
		C7401F2D9027F75BA4680DA7 /* 09-falafel.json in Resources */ = {isa = PBXBuildFile; fileRef = 8F12B7644E3E8B2110A6F2E4 /* 09-falafel.json */; };
		CFF89FDC6E5120165375CD6E /* SearchBarView.swift in Sources */ = {isa = PBXBuildFile; fileRef = 914AEC35C29400872B3D2B3A /* SearchBarView.swift */; };
		D27BFE2CD93FC656F9F4BDB6 /* GlassButton.swift in Sources */ = {isa = PBXBuildFile; fileRef = 5B8C3442F61E8A4E5878200E /* GlassButton.swift */; };
		D2DD77BDEB17458CDC3C5798 /* HapticsService.swift in Sources */ = {isa = PBXBuildFile; fileRef = 54A509EA2DA9173E40E591F8 /* HapticsService.swift */; };
		DA4EEE69230DE7DC35CE97B5 /* RecipeCard.swift in Sources */ = {isa = PBXBuildFile; fileRef = BA204FE7BF6ECFBE5391FF8A /* RecipeCard.swift */; };
		DA70881CE374BE701333C94B /* 02-calabrian-chili.json in Resources */ = {isa = PBXBuildFile; fileRef = 91B27950A28A2FA830B6C939 /* 02-calabrian-chili.json */; };
		DDB3C1E68DA765719B021CC4 /* Recipe.swift in Sources */ = {isa = PBXBuildFile; fileRef = 5A0775A0B77F0FD83662D891 /* Recipe.swift */; };
		E1E0908E7CA42DB43911C005 /* GlassStyles.swift in Sources */ = {isa = PBXBuildFile; fileRef = DC9535F2A690E85FF841F586 /* GlassStyles.swift */; };
		E2F1FA99B6E7DCC7FC9D30A6 /* CategoryChipRow.swift in Sources */ = {isa = PBXBuildFile; fileRef = 50CB39315A08576A573267AA /* CategoryChipRow.swift */; };
		EBA1FD9984DAA179F902B520 /* RecipePhoto.swift in Sources */ = {isa = PBXBuildFile; fileRef = F1CB706E90974E4DA5BACE93 /* RecipePhoto.swift */; };
		F0D0528FFD6AE43B95099680 /* UserProfile.swift in Sources */ = {isa = PBXBuildFile; fileRef = 942DD52B036E28E965B03B7D /* UserProfile.swift */; };
		F8F62D6ECC58E506621A7906 /* 05-miso-tahini-sweet-potato.json in Resources */ = {isa = PBXBuildFile; fileRef = 53BA032664FBAD1E133A6D80 /* 05-miso-tahini-sweet-potato.json */; };
/* End PBXBuildFile section */

/* Begin PBXFileReference section */
		02F1A06A815BE78E3606B015 /* GlassCard.swift */ = {isa = PBXFileReference; lastKnownFileType = sourcecode.swift; path = GlassCard.swift; sourceTree = "<group>"; };
		1043DF40418A1FCE00B24B2D /* RecipeDetailView.swift */ = {isa = PBXFileReference; lastKnownFileType = sourcecode.swift; path = RecipeDetailView.swift; sourceTree = "<group>"; };
		11B9CD6DDBC3440EE01AC3C3 /* 03-oat-waffles.json */ = {isa = PBXFileReference; lastKnownFileType = text.json; path = "03-oat-waffles.json"; sourceTree = "<group>"; };
		1E7092E42D3645048D32AEB2 /* ContentView.swift */ = {isa = PBXFileReference; lastKnownFileType = sourcecode.swift; path = ContentView.swift; sourceTree = "<group>"; };
		2423770D507903B32C68591D /* CookModeControls.swift */ = {isa = PBXFileReference; lastKnownFileType = sourcecode.swift; path = CookModeControls.swift; sourceTree = "<group>"; };
		2FE3D0152BB32A9C5E037540 /* StepBlobView.swift */ = {isa = PBXFileReference; lastKnownFileType = sourcecode.swift; path = StepBlobView.swift; sourceTree = "<group>"; };
		382206C7CB4D1CB1B24EBCBF /* JSONLoader.swift */ = {isa = PBXFileReference; lastKnownFileType = sourcecode.swift; path = JSONLoader.swift; sourceTree = "<group>"; };
		38993C58F0616902485AE9C9 /* PreviewAssets.xcassets */ = {isa = PBXFileReference; lastKnownFileType = folder.assetcatalog; path = PreviewAssets.xcassets; sourceTree = "<group>"; };
		50CB39315A08576A573267AA /* CategoryChipRow.swift */ = {isa = PBXFileReference; lastKnownFileType = sourcecode.swift; path = CategoryChipRow.swift; sourceTree = "<group>"; };
		53BA032664FBAD1E133A6D80 /* 05-miso-tahini-sweet-potato.json */ = {isa = PBXFileReference; lastKnownFileType = text.json; path = "05-miso-tahini-sweet-potato.json"; sourceTree = "<group>"; };
		54A509EA2DA9173E40E591F8 /* HapticsService.swift */ = {isa = PBXFileReference; lastKnownFileType = sourcecode.swift; path = HapticsService.swift; sourceTree = "<group>"; };
		5A0775A0B77F0FD83662D891 /* Recipe.swift */ = {isa = PBXFileReference; lastKnownFileType = sourcecode.swift; path = Recipe.swift; sourceTree = "<group>"; };
		5A79DC136C006114E744BBD7 /* SpenceApp.swift */ = {isa = PBXFileReference; lastKnownFileType = sourcecode.swift; path = SpenceApp.swift; sourceTree = "<group>"; };
		5B8C3442F61E8A4E5878200E /* GlassButton.swift */ = {isa = PBXFileReference; lastKnownFileType = sourcecode.swift; path = GlassButton.swift; sourceTree = "<group>"; };
		5D412858B8A234893E18AB6C /* CookPhaseView.swift */ = {isa = PBXFileReference; lastKnownFileType = sourcecode.swift; path = CookPhaseView.swift; sourceTree = "<group>"; };
		5EDFA6EF0CF48CBD1F4E386F /* 06-chia-seed-pudding.json */ = {isa = PBXFileReference; lastKnownFileType = text.json; path = "06-chia-seed-pudding.json"; sourceTree = "<group>"; };
		64D92DF45CEFC3E2885DC0E3 /* 08-burrata-grilled-grapes.json */ = {isa = PBXFileReference; lastKnownFileType = text.json; path = "08-burrata-grilled-grapes.json"; sourceTree = "<group>"; };
		6CA87D94636184E66AAF9F32 /* 07-hummus.json */ = {isa = PBXFileReference; lastKnownFileType = text.json; path = "07-hummus.json"; sourceTree = "<group>"; };
		73E870C0D79F875264AC32BB /* 04-homemade-pita.json */ = {isa = PBXFileReference; lastKnownFileType = text.json; path = "04-homemade-pita.json"; sourceTree = "<group>"; };
		780A1A0BC625182CE030110C /* Spence.app */ = {isa = PBXFileReference; explicitFileType = wrapper.application; includeInIndex = 0; path = Spence.app; sourceTree = BUILT_PRODUCTS_DIR; };
		79589E5143CC3F4A2799EF2A /* Typography.swift */ = {isa = PBXFileReference; lastKnownFileType = sourcecode.swift; path = Typography.swift; sourceTree = "<group>"; };
		7AF3B4214126F7335FBE397E /* RecipeEquipment.swift */ = {isa = PBXFileReference; lastKnownFileType = sourcecode.swift; path = RecipeEquipment.swift; sourceTree = "<group>"; };
		80B7562CF71B1182FF471B44 /* TimerView.swift */ = {isa = PBXFileReference; lastKnownFileType = sourcecode.swift; path = TimerView.swift; sourceTree = "<group>"; };
		8878DF3728F2B693B47F500D /* SettingsView.swift */ = {isa = PBXFileReference; lastKnownFileType = sourcecode.swift; path = SettingsView.swift; sourceTree = "<group>"; };
		8D6FFB70366E85E718848637 /* HomeView.swift */ = {isa = PBXFileReference; lastKnownFileType = sourcecode.swift; path = HomeView.swift; sourceTree = "<group>"; };
		8DBD6F7321DAFB89D2B09011 /* GlassTextField.swift */ = {isa = PBXFileReference; lastKnownFileType = sourcecode.swift; path = GlassTextField.swift; sourceTree = "<group>"; };
		8F12B7644E3E8B2110A6F2E4 /* 09-falafel.json */ = {isa = PBXFileReference; lastKnownFileType = text.json; path = "09-falafel.json"; sourceTree = "<group>"; };
		8F40961EF8FCEC67DFBC0207 /* Assets.xcassets */ = {isa = PBXFileReference; lastKnownFileType = folder.assetcatalog; path = Assets.xcassets; sourceTree = "<group>"; };
		914AEC35C29400872B3D2B3A /* SearchBarView.swift */ = {isa = PBXFileReference; lastKnownFileType = sourcecode.swift; path = SearchBarView.swift; sourceTree = "<group>"; };
		91B27950A28A2FA830B6C939 /* 02-calabrian-chili.json */ = {isa = PBXFileReference; lastKnownFileType = text.json; path = "02-calabrian-chili.json"; sourceTree = "<group>"; };
		942DD52B036E28E965B03B7D /* UserProfile.swift */ = {isa = PBXFileReference; lastKnownFileType = sourcecode.swift; path = UserProfile.swift; sourceTree = "<group>"; };
		990EA6EC34F9DCD699E8229B /* CookModeView.swift */ = {isa = PBXFileReference; lastKnownFileType = sourcecode.swift; path = CookModeView.swift; sourceTree = "<group>"; };
		9FED78BC7F7D783D71EFF95E /* Colors.swift */ = {isa = PBXFileReference; lastKnownFileType = sourcecode.swift; path = Colors.swift; sourceTree = "<group>"; };
		A24D317CA18EFF10E1C91F5B /* GlassChip.swift */ = {isa = PBXFileReference; lastKnownFileType = sourcecode.swift; path = GlassChip.swift; sourceTree = "<group>"; };
		A6F04B01A7B64217C4B08284 /* PrepPhaseView.swift */ = {isa = PBXFileReference; lastKnownFileType = sourcecode.swift; path = PrepPhaseView.swift; sourceTree = "<group>"; };
		AA1CAB7FC77C6EB52FC0C535 /* CheckPhaseView.swift */ = {isa = PBXFileReference; lastKnownFileType = sourcecode.swift; path = CheckPhaseView.swift; sourceTree = "<group>"; };
		B80B9625DC46E42AB0818B66 /* 01-brown-butter-tahini-cabbage.json */ = {isa = PBXFileReference; lastKnownFileType = text.json; path = "01-brown-butter-tahini-cabbage.json"; sourceTree = "<group>"; };
		B9723CD24E778905A0F02D0D /* PrepStep.swift */ = {isa = PBXFileReference; lastKnownFileType = sourcecode.swift; path = PrepStep.swift; sourceTree = "<group>"; };
		BA204FE7BF6ECFBE5391FF8A /* RecipeCard.swift */ = {isa = PBXFileReference; lastKnownFileType = sourcecode.swift; path = RecipeCard.swift; sourceTree = "<group>"; };
		BED5DE0215883A7EC84CF6D5 /* DataSeeder.swift */ = {isa = PBXFileReference; lastKnownFileType = sourcecode.swift; path = DataSeeder.swift; sourceTree = "<group>"; };
		D310F95CBF4D9BBCC5544A97 /* AmbientBackground.swift */ = {isa = PBXFileReference; lastKnownFileType = sourcecode.swift; path = AmbientBackground.swift; sourceTree = "<group>"; };
		D380973247CD932B3C22DF37 /* StepProgressDots.swift */ = {isa = PBXFileReference; lastKnownFileType = sourcecode.swift; path = StepProgressDots.swift; sourceTree = "<group>"; };
		DBA4D3E76C3C464626277AD0 /* Animations.swift */ = {isa = PBXFileReference; lastKnownFileType = sourcecode.swift; path = Animations.swift; sourceTree = "<group>"; };
		DC9535F2A690E85FF841F586 /* GlassStyles.swift */ = {isa = PBXFileReference; lastKnownFileType = sourcecode.swift; path = GlassStyles.swift; sourceTree = "<group>"; };
		E00973EA023010729A5D8DA4 /* TimerService.swift */ = {isa = PBXFileReference; lastKnownFileType = sourcecode.swift; path = TimerService.swift; sourceTree = "<group>"; };
		E3E0E7D3518F0C078894512C /* RecipeIngredient.swift */ = {isa = PBXFileReference; lastKnownFileType = sourcecode.swift; path = RecipeIngredient.swift; sourceTree = "<group>"; };
		E51EBF4FBF8F61314786690F /* CookingSession.swift */ = {isa = PBXFileReference; lastKnownFileType = sourcecode.swift; path = CookingSession.swift; sourceTree = "<group>"; };
		F1CB706E90974E4DA5BACE93 /* RecipePhoto.swift */ = {isa = PBXFileReference; lastKnownFileType = sourcecode.swift; path = RecipePhoto.swift; sourceTree = "<group>"; };
		F7AFC0B269DE2D4908129391 /* AdaptiveLayout.swift */ = {isa = PBXFileReference; lastKnownFileType = sourcecode.swift; path = AdaptiveLayout.swift; sourceTree = "<group>"; };
		F9258079913A7405DBA03E50 /* CookStep.swift */ = {isa = PBXFileReference; lastKnownFileType = sourcecode.swift; path = CookStep.swift; sourceTree = "<group>"; };
		F9CFAF4485B00C1A2AA3E987 /* Category.swift */ = {isa = PBXFileReference; lastKnownFileType = sourcecode.swift; path = Category.swift; sourceTree = "<group>"; };
/* End PBXFileReference section */

/* Begin PBXGroup section */
		2536503F11B2223EE5434D6A /* Spence */ = {
			isa = PBXGroup;
			children = (
				F0E1CA053D46B96995D5D20C /* DesignSystem */,
				9882E5355D2B3D2C234D875D /* Models */,
				AB6B37A459EC72F5DDD5C9C9 /* Preview Content */,
				E3F13B61B7FDDF55013D25BA /* Resources */,
				60A1C7FEBD3368B96C5E782A /* Services */,
				6B99A389D48E084781F695D0 /* Utilities */,
				C96117CBACCC33C1A537CE68 /* Views */,
				8F40961EF8FCEC67DFBC0207 /* Assets.xcassets */,
				1E7092E42D3645048D32AEB2 /* ContentView.swift */,
				5A79DC136C006114E744BBD7 /* SpenceApp.swift */,
			);
			path = Spence;
			sourceTree = "<group>";
		};
		27867EB31A83F74BB31C85F1 /* Home */ = {
			isa = PBXGroup;
			children = (
				50CB39315A08576A573267AA /* CategoryChipRow.swift */,
				8D6FFB70366E85E718848637 /* HomeView.swift */,
				BA204FE7BF6ECFBE5391FF8A /* RecipeCard.swift */,
				914AEC35C29400872B3D2B3A /* SearchBarView.swift */,
			);
			path = Home;
			sourceTree = "<group>";
		};
		34DF0292447DBCAEA7A2123B /* Phases */ = {
			isa = PBXGroup;
			children = (
				AA1CAB7FC77C6EB52FC0C535 /* CheckPhaseView.swift */,
				5D412858B8A234893E18AB6C /* CookPhaseView.swift */,
				A6F04B01A7B64217C4B08284 /* PrepPhaseView.swift */,
			);
			path = Phases;
			sourceTree = "<group>";
		};
		3848062D3E26A5E8F78B4472 = {
			isa = PBXGroup;
			children = (
				2536503F11B2223EE5434D6A /* Spence */,
				D3809AE0CC9F6F8700C8045A /* Products */,
			);
			sourceTree = "<group>";
		};
		5A1416696AB002097BA0213A /* CookMode */ = {
			isa = PBXGroup;
			children = (
				2423770D507903B32C68591D /* CookModeControls.swift */,
				990EA6EC34F9DCD699E8229B /* CookModeView.swift */,
				2FE3D0152BB32A9C5E037540 /* StepBlobView.swift */,
				D380973247CD932B3C22DF37 /* StepProgressDots.swift */,
				80B7562CF71B1182FF471B44 /* TimerView.swift */,
			);
			path = CookMode;
			sourceTree = "<group>";
		};
		60A1C7FEBD3368B96C5E782A /* Services */ = {
			isa = PBXGroup;
			children = (
				BED5DE0215883A7EC84CF6D5 /* DataSeeder.swift */,
				54A509EA2DA9173E40E591F8 /* HapticsService.swift */,
				E00973EA023010729A5D8DA4 /* TimerService.swift */,
			);
			path = Services;
			sourceTree = "<group>";
		};
		6B99A389D48E084781F695D0 /* Utilities */ = {
			isa = PBXGroup;
			children = (
				382206C7CB4D1CB1B24EBCBF /* JSONLoader.swift */,
			);
			path = Utilities;
			sourceTree = "<group>";
		};
		8A1527589BDA7A9353E7E09F /* recipes */ = {
			isa = PBXGroup;
			children = (
				B80B9625DC46E42AB0818B66 /* 01-brown-butter-tahini-cabbage.json */,
				91B27950A28A2FA830B6C939 /* 02-calabrian-chili.json */,
				11B9CD6DDBC3440EE01AC3C3 /* 03-oat-waffles.json */,
				73E870C0D79F875264AC32BB /* 04-homemade-pita.json */,
				53BA032664FBAD1E133A6D80 /* 05-miso-tahini-sweet-potato.json */,
				5EDFA6EF0CF48CBD1F4E386F /* 06-chia-seed-pudding.json */,
				6CA87D94636184E66AAF9F32 /* 07-hummus.json */,
				64D92DF45CEFC3E2885DC0E3 /* 08-burrata-grilled-grapes.json */,
				8F12B7644E3E8B2110A6F2E4 /* 09-falafel.json */,
			);
			path = recipes;
			sourceTree = "<group>";
		};
		9882E5355D2B3D2C234D875D /* Models */ = {
			isa = PBXGroup;
			children = (
				F9CFAF4485B00C1A2AA3E987 /* Category.swift */,
				E51EBF4FBF8F61314786690F /* CookingSession.swift */,
				F9258079913A7405DBA03E50 /* CookStep.swift */,
				B9723CD24E778905A0F02D0D /* PrepStep.swift */,
				5A0775A0B77F0FD83662D891 /* Recipe.swift */,
				7AF3B4214126F7335FBE397E /* RecipeEquipment.swift */,
				E3E0E7D3518F0C078894512C /* RecipeIngredient.swift */,
				F1CB706E90974E4DA5BACE93 /* RecipePhoto.swift */,
				942DD52B036E28E965B03B7D /* UserProfile.swift */,
			);
			path = Models;
			sourceTree = "<group>";
		};
		AB5182C64F3DED6D338DD6FF /* Settings */ = {
			isa = PBXGroup;
			children = (
				8878DF3728F2B693B47F500D /* SettingsView.swift */,
			);
			path = Settings;
			sourceTree = "<group>";
		};
		AB6B37A459EC72F5DDD5C9C9 /* Preview Content */ = {
			isa = PBXGroup;
			children = (
				38993C58F0616902485AE9C9 /* PreviewAssets.xcassets */,
			);
			path = "Preview Content";
			sourceTree = "<group>";
		};
		ACB04CEEE766B1BA6580480B /* Components */ = {
			isa = PBXGroup;
			children = (
				D310F95CBF4D9BBCC5544A97 /* AmbientBackground.swift */,
				5B8C3442F61E8A4E5878200E /* GlassButton.swift */,
				02F1A06A815BE78E3606B015 /* GlassCard.swift */,
				A24D317CA18EFF10E1C91F5B /* GlassChip.swift */,
				8DBD6F7321DAFB89D2B09011 /* GlassTextField.swift */,
			);
			path = Components;
			sourceTree = "<group>";
		};
		C96117CBACCC33C1A537CE68 /* Views */ = {
			isa = PBXGroup;
			children = (
				ACB04CEEE766B1BA6580480B /* Components */,
				5A1416696AB002097BA0213A /* CookMode */,
				27867EB31A83F74BB31C85F1 /* Home */,
				34DF0292447DBCAEA7A2123B /* Phases */,
				EC60419AB6A49A9B80C209FD /* RecipeDetail */,
				AB5182C64F3DED6D338DD6FF /* Settings */,
			);
			path = Views;
			sourceTree = "<group>";
		};
		D3809AE0CC9F6F8700C8045A /* Products */ = {
			isa = PBXGroup;
			children = (
				780A1A0BC625182CE030110C /* Spence.app */,
			);
			name = Products;
			sourceTree = "<group>";
		};
		E3F13B61B7FDDF55013D25BA /* Resources */ = {
			isa = PBXGroup;
			children = (
				8A1527589BDA7A9353E7E09F /* recipes */,
			);
			path = Resources;
			sourceTree = "<group>";
		};
		EC60419AB6A49A9B80C209FD /* RecipeDetail */ = {
			isa = PBXGroup;
			children = (
				1043DF40418A1FCE00B24B2D /* RecipeDetailView.swift */,
			);
			path = RecipeDetail;
			sourceTree = "<group>";
		};
		F0E1CA053D46B96995D5D20C /* DesignSystem */ = {
			isa = PBXGroup;
			children = (
				F7AFC0B269DE2D4908129391 /* AdaptiveLayout.swift */,
				DBA4D3E76C3C464626277AD0 /* Animations.swift */,
				9FED78BC7F7D783D71EFF95E /* Colors.swift */,
				DC9535F2A690E85FF841F586 /* GlassStyles.swift */,
				79589E5143CC3F4A2799EF2A /* Typography.swift */,
			);
			path = DesignSystem;
			sourceTree = "<group>";
		};
/* End PBXGroup section */

/* Begin PBXNativeTarget section */
		B4F283863B14E806D06C3A1D /* Spence */ = {
			isa = PBXNativeTarget;
			buildConfigurationList = 852746428B273C4E15749D6E /* Build configuration list for PBXNativeTarget "Spence" */;
			buildPhases = (
				143854927CAAFA887DD977EA /* Sources */,
				83D02F53D90BAC828351663B /* Resources */,
			);
			buildRules = (
			);
			dependencies = (
			);
			name = Spence;
			packageProductDependencies = (
			);
			productName = Spence;
			productReference = 780A1A0BC625182CE030110C /* Spence.app */;
			productType = "com.apple.product-type.application";
		};
/* End PBXNativeTarget section */

/* Begin PBXProject section */
		7B8A299FE5B9CD9190866861 /* Project object */ = {
			isa = PBXProject;
			attributes = {
				BuildIndependentTargetsInParallel = YES;
				LastUpgradeCheck = 1500;
				TargetAttributes = {
					B4F283863B14E806D06C3A1D = {
						ProvisioningStyle = Automatic;
					};
				};
			};
			buildConfigurationList = ADEE7A77C10A44EC1B869547 /* Build configuration list for PBXProject "Spence" */;
			compatibilityVersion = "Xcode 14.0";
			developmentRegion = en;
			hasScannedForEncodings = 0;
			knownRegions = (
				Base,
				en,
			);
			mainGroup = 3848062D3E26A5E8F78B4472;
			minimizedProjectReferenceProxies = 1;
			projectDirPath = "";
			projectRoot = "";
			targets = (
				B4F283863B14E806D06C3A1D /* Spence */,
			);
		};
/* End PBXProject section */

/* Begin PBXResourcesBuildPhase section */
		83D02F53D90BAC828351663B /* Resources */ = {
			isa = PBXResourcesBuildPhase;
			buildActionMask = 2147483647;
			files = (
				585D3256267A068DB668BE8A /* 01-brown-butter-tahini-cabbage.json in Resources */,
				DA70881CE374BE701333C94B /* 02-calabrian-chili.json in Resources */,
				95128C35D593B7F6A93D3DD9 /* 03-oat-waffles.json in Resources */,
				4A4BFF3F49B73606F591555F /* 04-homemade-pita.json in Resources */,
				F8F62D6ECC58E506621A7906 /* 05-miso-tahini-sweet-potato.json in Resources */,
				22FE90CB656FAFAB9C544960 /* 06-chia-seed-pudding.json in Resources */,
				471CE32646207192E63C4842 /* 07-hummus.json in Resources */,
				08C2F982F7910CEAA3EE8CD5 /* 08-burrata-grilled-grapes.json in Resources */,
				C7401F2D9027F75BA4680DA7 /* 09-falafel.json in Resources */,
				17FECAC10BB50825EB250F97 /* Assets.xcassets in Resources */,
				BEA743F23FFD33B10409769A /* PreviewAssets.xcassets in Resources */,
			);
			runOnlyForDeploymentPostprocessing = 0;
		};
/* End PBXResourcesBuildPhase section */

/* Begin PBXSourcesBuildPhase section */
		143854927CAAFA887DD977EA /* Sources */ = {
			isa = PBXSourcesBuildPhase;
			buildActionMask = 2147483647;
			files = (
				911AE45C22658CCA2296E2DA /* AdaptiveLayout.swift in Sources */,
				2F71844E6BB489DEA452DBF7 /* AmbientBackground.swift in Sources */,
				C005C265788950C95F77C135 /* Animations.swift in Sources */,
				80A511FB92925157B37A63F5 /* Category.swift in Sources */,
				E2F1FA99B6E7DCC7FC9D30A6 /* CategoryChipRow.swift in Sources */,
				38390F73C6F27991EA3B9FD3 /* CheckPhaseView.swift in Sources */,
				AFB45057E35C3F73F05B1062 /* Colors.swift in Sources */,
				C4A04DA0305E4DB02D1F8B18 /* ContentView.swift in Sources */,
				AAE2C4481730E8D1412E53BC /* CookModeControls.swift in Sources */,
				6F47B360B478D45A7E1984E3 /* CookModeView.swift in Sources */,
				78E6EB4261FD22E63971E41D /* CookPhaseView.swift in Sources */,
				5B035DECB4A9B6C5D20C70BE /* CookStep.swift in Sources */,
				A7D4EC08530CBEE3FDEDFD23 /* CookingSession.swift in Sources */,
				18B21E1557B88803D4807039 /* DataSeeder.swift in Sources */,
				D27BFE2CD93FC656F9F4BDB6 /* GlassButton.swift in Sources */,
				4F5812D14DB06664C3CDFC80 /* GlassCard.swift in Sources */,
				39404A1F22A8BEA0892357EF /* GlassChip.swift in Sources */,
				E1E0908E7CA42DB43911C005 /* GlassStyles.swift in Sources */,
				778922EB97309C18232EAD2E /* GlassTextField.swift in Sources */,
				D2DD77BDEB17458CDC3C5798 /* HapticsService.swift in Sources */,
				07AC3B8076DD5D32AB6BEC4F /* HomeView.swift in Sources */,
				C43929C83C7AE3A180089DFF /* JSONLoader.swift in Sources */,
				B6D718A7503758864626357E /* PrepPhaseView.swift in Sources */,
				889DC72ED9B2C5DC55718E5E /* PrepStep.swift in Sources */,
				DDB3C1E68DA765719B021CC4 /* Recipe.swift in Sources */,
				DA4EEE69230DE7DC35CE97B5 /* RecipeCard.swift in Sources */,
				98BEB554E555F007587B74EF /* RecipeDetailView.swift in Sources */,
				442BD5275BB80110EAB577A9 /* RecipeEquipment.swift in Sources */,
				C557A731242D14E2FDD9418F /* RecipeIngredient.swift in Sources */,
				EBA1FD9984DAA179F902B520 /* RecipePhoto.swift in Sources */,
				CFF89FDC6E5120165375CD6E /* SearchBarView.swift in Sources */,
				267B5853F05A4D3743032951 /* SettingsView.swift in Sources */,
				06D482EAF04033FFBD430D6D /* SpenceApp.swift in Sources */,
				2694F9660AD3C0C95BF1CBDA /* StepBlobView.swift in Sources */,
				AAC39B790B51986980ADC920 /* StepProgressDots.swift in Sources */,
				9E367CBB27AA15C93BFA2F28 /* TimerService.swift in Sources */,
				6AC65D73F694D6EA85EFB587 /* TimerView.swift in Sources */,
				4C8C048DE19776A5A811521A /* Typography.swift in Sources */,
				F0D0528FFD6AE43B95099680 /* UserProfile.swift in Sources */,
			);
			runOnlyForDeploymentPostprocessing = 0;
		};
/* End PBXSourcesBuildPhase section */

/* Begin XCBuildConfiguration section */
		22B540D43552CC57D5D1BF19 /* Release */ = {
			isa = XCBuildConfiguration;
			buildSettings = {
				ASSETCATALOG_COMPILER_APPICON_NAME = AppIcon;
				ASSETCATALOG_COMPILER_GLOBAL_ACCENT_COLOR_NAME = AccentColor;
				CODE_SIGN_IDENTITY = "iPhone Developer";
				CODE_SIGN_STYLE = Automatic;
				DEVELOPMENT_TEAM = BBCAAC5ZLC;
				ENABLE_PREVIEWS = YES;
				INFOPLIST_KEY_CFBundleDisplayName = Spence;
				LD_RUNPATH_SEARCH_PATHS = (
					"$(inherited)",
					"@executable_path/Frameworks",
				);
				PRODUCT_BUNDLE_IDENTIFIER = com.spence.app;
				SDKROOT = iphoneos;
				TARGETED_DEVICE_FAMILY = "1,2";
			};
			name = Release;
		};
		59DFADE7609C3F809A5851FC /* Debug */ = {
			isa = XCBuildConfiguration;
			buildSettings = {
				ASSETCATALOG_COMPILER_APPICON_NAME = AppIcon;
				ASSETCATALOG_COMPILER_GLOBAL_ACCENT_COLOR_NAME = AccentColor;
				CODE_SIGN_IDENTITY = "iPhone Developer";
				CODE_SIGN_STYLE = Automatic;
				DEVELOPMENT_TEAM = BBCAAC5ZLC;
				ENABLE_PREVIEWS = YES;
				INFOPLIST_KEY_CFBundleDisplayName = Spence;
				LD_RUNPATH_SEARCH_PATHS = (
					"$(inherited)",
					"@executable_path/Frameworks",
				);
				PRODUCT_BUNDLE_IDENTIFIER = com.spence.app;
				SDKROOT = iphoneos;
				TARGETED_DEVICE_FAMILY = "1,2";
			};
			name = Debug;
		};
		6482E1A7C6BE7A22FCF5ACA5 /* Release */ = {
			isa = XCBuildConfiguration;
			buildSettings = {
				ALWAYS_SEARCH_USER_PATHS = NO;
				CLANG_ANALYZER_NONNULL = YES;
				CLANG_ANALYZER_NUMBER_OBJECT_CONVERSION = YES_AGGRESSIVE;
				CLANG_CXX_LANGUAGE_STANDARD = "gnu++14";
				CLANG_CXX_LIBRARY = "libc++";
				CLANG_ENABLE_MODULES = YES;
				CLANG_ENABLE_OBJC_ARC = YES;
				CLANG_ENABLE_OBJC_WEAK = YES;
				CLANG_WARN_BLOCK_CAPTURE_AUTORELEASING = YES;
				CLANG_WARN_BOOL_CONVERSION = YES;
				CLANG_WARN_COMMA = YES;
				CLANG_WARN_CONSTANT_CONVERSION = YES;
				CLANG_WARN_DEPRECATED_OBJC_IMPLEMENTATIONS = YES;
				CLANG_WARN_DIRECT_OBJC_ISA_USAGE = YES_ERROR;
				CLANG_WARN_DOCUMENTATION_COMMENTS = YES;
				CLANG_WARN_EMPTY_BODY = YES;
				CLANG_WARN_ENUM_CONVERSION = YES;
				CLANG_WARN_INFINITE_RECURSION = YES;
				CLANG_WARN_INT_CONVERSION = YES;
				CLANG_WARN_NON_LITERAL_NULL_CONVERSION = YES;
				CLANG_WARN_OBJC_IMPLICIT_RETAIN_SELF = YES;
				CLANG_WARN_OBJC_LITERAL_CONVERSION = YES;
				CLANG_WARN_OBJC_ROOT_CLASS = YES_ERROR;
				CLANG_WARN_QUOTED_INCLUDE_IN_FRAMEWORK_HEADER = YES;
				CLANG_WARN_RANGE_LOOP_ANALYSIS = YES;
				CLANG_WARN_STRICT_PROTOTYPES = YES;
				CLANG_WARN_SUSPICIOUS_MOVE = YES;
				CLANG_WARN_UNGUARDED_AVAILABILITY = YES_AGGRESSIVE;
				CLANG_WARN_UNREACHABLE_CODE = YES;
				CLANG_WARN__DUPLICATE_METHOD_MATCH = YES;
				COPY_PHASE_STRIP = NO;
				CURRENT_PROJECT_VERSION = 1;
				DEBUG_INFORMATION_FORMAT = "dwarf-with-dsym";
				DEVELOPMENT_TEAM = "";
				ENABLE_NS_ASSERTIONS = NO;
				ENABLE_STRICT_OBJC_MSGSEND = YES;
				GCC_C_LANGUAGE_STANDARD = gnu11;
				GCC_NO_COMMON_BLOCKS = YES;
				GCC_WARN_64_TO_32_BIT_CONVERSION = YES;
				GCC_WARN_ABOUT_RETURN_TYPE = YES_ERROR;
				GCC_WARN_UNDECLARED_SELECTOR = YES;
				GCC_WARN_UNINITIALIZED_AUTOS = YES_AGGRESSIVE;
				GCC_WARN_UNUSED_FUNCTION = YES;
				GCC_WARN_UNUSED_VARIABLE = YES;
				GENERATE_INFOPLIST_FILE = YES;
				INFOPLIST_KEY_UIApplicationSceneManifest_Generation = YES;
				INFOPLIST_KEY_UIApplicationSupportsIndirectInputEvents = YES;
				INFOPLIST_KEY_UILaunchScreen_Generation = YES;
				INFOPLIST_KEY_UISupportedInterfaceOrientations_iPad = "UIInterfaceOrientationPortrait UIInterfaceOrientationPortraitUpsideDown UIInterfaceOrientationLandscapeLeft UIInterfaceOrientationLandscapeRight";
				INFOPLIST_KEY_UISupportedInterfaceOrientations_iPhone = UIInterfaceOrientationPortrait;
				IPHONEOS_DEPLOYMENT_TARGET = 17.0;
				MARKETING_VERSION = 1.0.0;
				MTL_ENABLE_DEBUG_INFO = NO;
				MTL_FAST_MATH = YES;
				PRODUCT_NAME = "$(TARGET_NAME)";
				SDKROOT = iphoneos;
				SWIFT_COMPILATION_MODE = wholemodule;
				SWIFT_OPTIMIZATION_LEVEL = "-O";
				SWIFT_VERSION = 5.9;
			};
			name = Release;
		};
		6E14E142DF9B79295B499B7C /* Debug */ = {
			isa = XCBuildConfiguration;
			buildSettings = {
				ALWAYS_SEARCH_USER_PATHS = NO;
				CLANG_ANALYZER_NONNULL = YES;
				CLANG_ANALYZER_NUMBER_OBJECT_CONVERSION = YES_AGGRESSIVE;
				CLANG_CXX_LANGUAGE_STANDARD = "gnu++14";
				CLANG_CXX_LIBRARY = "libc++";
				CLANG_ENABLE_MODULES = YES;
				CLANG_ENABLE_OBJC_ARC = YES;
				CLANG_ENABLE_OBJC_WEAK = YES;
				CLANG_WARN_BLOCK_CAPTURE_AUTORELEASING = YES;
				CLANG_WARN_BOOL_CONVERSION = YES;
				CLANG_WARN_COMMA = YES;
				CLANG_WARN_CONSTANT_CONVERSION = YES;
				CLANG_WARN_DEPRECATED_OBJC_IMPLEMENTATIONS = YES;
				CLANG_WARN_DIRECT_OBJC_ISA_USAGE = YES_ERROR;
				CLANG_WARN_DOCUMENTATION_COMMENTS = YES;
				CLANG_WARN_EMPTY_BODY = YES;
				CLANG_WARN_ENUM_CONVERSION = YES;
				CLANG_WARN_INFINITE_RECURSION = YES;
				CLANG_WARN_INT_CONVERSION = YES;
				CLANG_WARN_NON_LITERAL_NULL_CONVERSION = YES;
				CLANG_WARN_OBJC_IMPLICIT_RETAIN_SELF = YES;
				CLANG_WARN_OBJC_LITERAL_CONVERSION = YES;
				CLANG_WARN_OBJC_ROOT_CLASS = YES_ERROR;
				CLANG_WARN_QUOTED_INCLUDE_IN_FRAMEWORK_HEADER = YES;
				CLANG_WARN_RANGE_LOOP_ANALYSIS = YES;
				CLANG_WARN_STRICT_PROTOTYPES = YES;
				CLANG_WARN_SUSPICIOUS_MOVE = YES;
				CLANG_WARN_UNGUARDED_AVAILABILITY = YES_AGGRESSIVE;
				CLANG_WARN_UNREACHABLE_CODE = YES;
				CLANG_WARN__DUPLICATE_METHOD_MATCH = YES;
				COPY_PHASE_STRIP = NO;
				CURRENT_PROJECT_VERSION = 1;
				DEBUG_INFORMATION_FORMAT = dwarf;
				DEVELOPMENT_TEAM = "";
				ENABLE_STRICT_OBJC_MSGSEND = YES;
				ENABLE_TESTABILITY = YES;
				GCC_C_LANGUAGE_STANDARD = gnu11;
				GCC_DYNAMIC_NO_PIC = NO;
				GCC_NO_COMMON_BLOCKS = YES;
				GCC_OPTIMIZATION_LEVEL = 0;
				GCC_PREPROCESSOR_DEFINITIONS = (
					"$(inherited)",
					"DEBUG=1",
				);
				GCC_WARN_64_TO_32_BIT_CONVERSION = YES;
				GCC_WARN_ABOUT_RETURN_TYPE = YES_ERROR;
				GCC_WARN_UNDECLARED_SELECTOR = YES;
				GCC_WARN_UNINITIALIZED_AUTOS = YES_AGGRESSIVE;
				GCC_WARN_UNUSED_FUNCTION = YES;
				GCC_WARN_UNUSED_VARIABLE = YES;
				GENERATE_INFOPLIST_FILE = YES;
				INFOPLIST_KEY_UIApplicationSceneManifest_Generation = YES;
				INFOPLIST_KEY_UIApplicationSupportsIndirectInputEvents = YES;
				INFOPLIST_KEY_UILaunchScreen_Generation = YES;
				INFOPLIST_KEY_UISupportedInterfaceOrientations_iPad = "UIInterfaceOrientationPortrait UIInterfaceOrientationPortraitUpsideDown UIInterfaceOrientationLandscapeLeft UIInterfaceOrientationLandscapeRight";
				INFOPLIST_KEY_UISupportedInterfaceOrientations_iPhone = UIInterfaceOrientationPortrait;
				IPHONEOS_DEPLOYMENT_TARGET = 17.0;
				MARKETING_VERSION = 1.0.0;
				MTL_ENABLE_DEBUG_INFO = INCLUDE_SOURCE;
				MTL_FAST_MATH = YES;
				ONLY_ACTIVE_ARCH = YES;
				PRODUCT_NAME = "$(TARGET_NAME)";
				SDKROOT = iphoneos;
				SWIFT_ACTIVE_COMPILATION_CONDITIONS = DEBUG;
				SWIFT_OPTIMIZATION_LEVEL = "-Onone";
				SWIFT_VERSION = 5.9;
			};
			name = Debug;
		};
/* End XCBuildConfiguration section */

/* Begin XCConfigurationList section */
		852746428B273C4E15749D6E /* Build configuration list for PBXNativeTarget "Spence" */ = {
			isa = XCConfigurationList;
			buildConfigurations = (
				59DFADE7609C3F809A5851FC /* Debug */,
				22B540D43552CC57D5D1BF19 /* Release */,
			);
			defaultConfigurationIsVisible = 0;
			defaultConfigurationName = Debug;
		};
		ADEE7A77C10A44EC1B869547 /* Build configuration list for PBXProject "Spence" */ = {
			isa = XCConfigurationList;
			buildConfigurations = (
				6E14E142DF9B79295B499B7C /* Debug */,
				6482E1A7C6BE7A22FCF5ACA5 /* Release */,
			);
			defaultConfigurationIsVisible = 0;
			defaultConfigurationName = Debug;
		};
/* End XCConfigurationList section */
	};
	rootObject = 7B8A299FE5B9CD9190866861 /* Project object */;
}
